// !$*UTF8*$!
{
	archiveVersion = 1;
	classes = {
	};
	objectVersion = 56;
	objects = {

/* Begin PBXBuildFile section */
		58725F222A224F49004BB56E /* AppDelegate.swift in Sources */ = {isa = PBXBuildFile; fileRef = 58725F212A224F49004BB56E /* AppDelegate.swift */; };
		58725F242A224F49004BB56E /* SceneDelegate.swift in Sources */ = {isa = PBXBuildFile; fileRef = 58725F232A224F49004BB56E /* SceneDelegate.swift */; };
		58725F262A224F49004BB56E /* GifListViewController.swift in Sources */ = {isa = PBXBuildFile; fileRef = 58725F252A224F49004BB56E /* GifListViewController.swift */; };
		58725F2B2A224F4A004BB56E /* Assets.xcassets in Resources */ = {isa = PBXBuildFile; fileRef = 58725F2A2A224F4A004BB56E /* Assets.xcassets */; };
		58725F3B2A2254D3004BB56E /* GifListCell.swift in Sources */ = {isa = PBXBuildFile; fileRef = 58725F3A2A2254D3004BB56E /* GifListCell.swift */; };
		58725F3E2A2254FC004BB56E /* Kingfisher in Frameworks */ = {isa = PBXBuildFile; productRef = 58725F3D2A2254FC004BB56E /* Kingfisher */; };
		58725F442A225791004BB56E /* GifResult.swift in Sources */ = {isa = PBXBuildFile; fileRef = 58725F432A225791004BB56E /* GifResult.swift */; };
		58725F462A2257AF004BB56E /* GifListService.swift in Sources */ = {isa = PBXBuildFile; fileRef = 58725F452A2257AF004BB56E /* GifListService.swift */; };
		58725F492A2257E2004BB56E /* URLRequest+Extention.swift in Sources */ = {isa = PBXBuildFile; fileRef = 58725F482A2257E2004BB56E /* URLRequest+Extention.swift */; };
		58725F4B2A2257ED004BB56E /* Constants.swift in Sources */ = {isa = PBXBuildFile; fileRef = 58725F4A2A2257ED004BB56E /* Constants.swift */; };
/* End PBXBuildFile section */

/* Begin PBXFileReference section */
		58725F1E2A224F49004BB56E /* GifApp.app */ = {isa = PBXFileReference; explicitFileType = wrapper.application; includeInIndex = 0; path = GifApp.app; sourceTree = BUILT_PRODUCTS_DIR; };
		58725F212A224F49004BB56E /* AppDelegate.swift */ = {isa = PBXFileReference; lastKnownFileType = sourcecode.swift; path = AppDelegate.swift; sourceTree = "<group>"; };
		58725F232A224F49004BB56E /* SceneDelegate.swift */ = {isa = PBXFileReference; lastKnownFileType = sourcecode.swift; path = SceneDelegate.swift; sourceTree = "<group>"; };
		58725F252A224F49004BB56E /* GifListViewController.swift */ = {isa = PBXFileReference; lastKnownFileType = sourcecode.swift; path = GifListViewController.swift; sourceTree = "<group>"; };
		58725F2A2A224F4A004BB56E /* Assets.xcassets */ = {isa = PBXFileReference; lastKnownFileType = folder.assetcatalog; path = Assets.xcassets; sourceTree = "<group>"; };
		58725F2F2A224F4A004BB56E /* Info.plist */ = {isa = PBXFileReference; lastKnownFileType = text.plist.xml; path = Info.plist; sourceTree = "<group>"; };
		58725F3A2A2254D3004BB56E /* GifListCell.swift */ = {isa = PBXFileReference; lastKnownFileType = sourcecode.swift; path = GifListCell.swift; sourceTree = "<group>"; };
		58725F432A225791004BB56E /* GifResult.swift */ = {isa = PBXFileReference; lastKnownFileType = sourcecode.swift; path = GifResult.swift; sourceTree = "<group>"; };
		58725F452A2257AF004BB56E /* GifListService.swift */ = {isa = PBXFileReference; lastKnownFileType = sourcecode.swift; path = GifListService.swift; sourceTree = "<group>"; };
		58725F482A2257E2004BB56E /* URLRequest+Extention.swift */ = {isa = PBXFileReference; lastKnownFileType = sourcecode.swift; path = "URLRequest+Extention.swift"; sourceTree = "<group>"; };
		58725F4A2A2257ED004BB56E /* Constants.swift */ = {isa = PBXFileReference; lastKnownFileType = sourcecode.swift; path = Constants.swift; sourceTree = "<group>"; };
/* End PBXFileReference section */

/* Begin PBXFrameworksBuildPhase section */
		58725F1B2A224F48004BB56E /* Frameworks */ = {
			isa = PBXFrameworksBuildPhase;
			buildActionMask = 2147483647;
			files = (
				58725F3E2A2254FC004BB56E /* Kingfisher in Frameworks */,
			);
			runOnlyForDeploymentPostprocessing = 0;
		};
/* End PBXFrameworksBuildPhase section */

/* Begin PBXGroup section */
		58725F152A224F48004BB56E = {
			isa = PBXGroup;
			children = (
				58725F202A224F49004BB56E /* GifApp */,
				58725F1F2A224F49004BB56E /* Products */,
			);
			sourceTree = "<group>";
		};
		58725F1F2A224F49004BB56E /* Products */ = {
			isa = PBXGroup;
			children = (
				58725F1E2A224F49004BB56E /* GifApp.app */,
			);
			name = Products;
			sourceTree = "<group>";
		};
		58725F202A224F49004BB56E /* GifApp */ = {
			isa = PBXGroup;
			children = (
				58725F362A224F85004BB56E /* Application */,
				58725F372A224F8B004BB56E /* Presentation */,
				58725F412A225779004BB56E /* Models */,
				58725F402A225747004BB56E /* Services */,
				58725F472A2257BE004BB56E /* Helpers */,
				58725F352A224F7F004BB56E /* Resources */,
			);
			path = GifApp;
			sourceTree = "<group>";
		};
		58725F352A224F7F004BB56E /* Resources */ = {
			isa = PBXGroup;
			children = (
				58725F2F2A224F4A004BB56E /* Info.plist */,
				58725F2A2A224F4A004BB56E /* Assets.xcassets */,
			);
			path = Resources;
			sourceTree = "<group>";
		};
		58725F362A224F85004BB56E /* Application */ = {
			isa = PBXGroup;
			children = (
				58725F212A224F49004BB56E /* AppDelegate.swift */,
				58725F232A224F49004BB56E /* SceneDelegate.swift */,
			);
			path = Application;
			sourceTree = "<group>";
		};
		58725F372A224F8B004BB56E /* Presentation */ = {
			isa = PBXGroup;
			children = (
				58725F252A224F49004BB56E /* GifListViewController.swift */,
				58725F3A2A2254D3004BB56E /* GifListCell.swift */,
			);
			path = Presentation;
			sourceTree = "<group>";
		};
		58725F3F2A225739004BB56E /* GifListService */ = {
			isa = PBXGroup;
			children = (
				58725F452A2257AF004BB56E /* GifListService.swift */,
			);
			path = GifListService;
			sourceTree = "<group>";
		};
		58725F402A225747004BB56E /* Services */ = {
			isa = PBXGroup;
			children = (
				58725F3F2A225739004BB56E /* GifListService */,
			);
			path = Services;
			sourceTree = "<group>";
		};
		58725F412A225779004BB56E /* Models */ = {
			isa = PBXGroup;
			children = (
				58725F432A225791004BB56E /* GifResult.swift */,
			);
			path = Models;
			sourceTree = "<group>";
		};
		58725F472A2257BE004BB56E /* Helpers */ = {
			isa = PBXGroup;
			children = (
				58725F4A2A2257ED004BB56E /* Constants.swift */,
				58725F482A2257E2004BB56E /* URLRequest+Extention.swift */,
			);
			path = Helpers;
			sourceTree = "<group>";
		};
/* End PBXGroup section */

/* Begin PBXNativeTarget section */
		58725F1D2A224F48004BB56E /* GifApp */ = {
			isa = PBXNativeTarget;
			buildConfigurationList = 58725F322A224F4A004BB56E /* Build configuration list for PBXNativeTarget "GifApp" */;
			buildPhases = (
				58725F1A2A224F48004BB56E /* Sources */,
				58725F1B2A224F48004BB56E /* Frameworks */,
				58725F1C2A224F48004BB56E /* Resources */,
			);
			buildRules = (
			);
			dependencies = (
			);
			name = GifApp;
			packageProductDependencies = (
				58725F3D2A2254FC004BB56E /* Kingfisher */,
			);
			productName = GifApp;
			productReference = 58725F1E2A224F49004BB56E /* GifApp.app */;
			productType = "com.apple.product-type.application";
		};
/* End PBXNativeTarget section */

/* Begin PBXProject section */
		58725F162A224F48004BB56E /* Project object */ = {
			isa = PBXProject;
			attributes = {
				BuildIndependentTargetsInParallel = 1;
				LastSwiftUpdateCheck = 1420;
				LastUpgradeCheck = 1420;
				TargetAttributes = {
					58725F1D2A224F48004BB56E = {
						CreatedOnToolsVersion = 14.2;
					};
				};
			};
			buildConfigurationList = 58725F192A224F48004BB56E /* Build configuration list for PBXProject "GifApp" */;
			compatibilityVersion = "Xcode 14.0";
			developmentRegion = en;
			hasScannedForEncodings = 0;
			knownRegions = (
				en,
				Base,
			);
			mainGroup = 58725F152A224F48004BB56E;
			packageReferences = (
				58725F3C2A2254FC004BB56E /* XCRemoteSwiftPackageReference "Kingfisher" */,
			);
			productRefGroup = 58725F1F2A224F49004BB56E /* Products */;
			projectDirPath = "";
			projectRoot = "";
			targets = (
				58725F1D2A224F48004BB56E /* GifApp */,
			);
		};
/* End PBXProject section */

/* Begin PBXResourcesBuildPhase section */
		58725F1C2A224F48004BB56E /* Resources */ = {
			isa = PBXResourcesBuildPhase;
			buildActionMask = 2147483647;
			files = (
				58725F2B2A224F4A004BB56E /* Assets.xcassets in Resources */,
			);
			runOnlyForDeploymentPostprocessing = 0;
		};
/* End PBXResourcesBuildPhase section */

/* Begin PBXSourcesBuildPhase section */
		58725F1A2A224F48004BB56E /* Sources */ = {
			isa = PBXSourcesBuildPhase;
			buildActionMask = 2147483647;
			files = (
				58725F462A2257AF004BB56E /* GifListService.swift in Sources */,
				58725F262A224F49004BB56E /* GifListViewController.swift in Sources */,
				58725F492A2257E2004BB56E /* URLRequest+Extention.swift in Sources */,
				58725F442A225791004BB56E /* GifResult.swift in Sources */,
				58725F222A224F49004BB56E /* AppDelegate.swift in Sources */,
				58725F242A224F49004BB56E /* SceneDelegate.swift in Sources */,
				58725F3B2A2254D3004BB56E /* GifListCell.swift in Sources */,
				58725F4B2A2257ED004BB56E /* Constants.swift in Sources */,
			);
			runOnlyForDeploymentPostprocessing = 0;
		};
/* End PBXSourcesBuildPhase section */

/* Begin XCBuildConfiguration section */
		58725F302A224F4A004BB56E /* Debug */ = {
			isa = XCBuildConfiguration;
			buildSettings = {
				ALWAYS_SEARCH_USER_PATHS = NO;
				CLANG_ANALYZER_NONNULL = YES;
				CLANG_ANALYZER_NUMBER_OBJECT_CONVERSION = YES_AGGRESSIVE;
				CLANG_CXX_LANGUAGE_STANDARD = "gnu++20";
				CLANG_ENABLE_MODULES = YES;
				CLANG_ENABLE_OBJC_ARC = YES;
				CLANG_ENABLE_OBJC_WEAK = YES;
				CLANG_WARN_BLOCK_CAPTURE_AUTORELEASING = YES;
				CLANG_WARN_BOOL_CONVERSION = YES;
				CLANG_WARN_COMMA = YES;
				CLANG_WARN_CONSTANT_CONVERSION = YES;
				CLANG_WARN_DEPRECATED_OBJC_IMPLEMENTATIONS = YES;
				CLANG_WARN_DIRECT_OBJC_ISA_USAGE = YES_ERROR;
				CLANG_WARN_DOCUMENTATION_COMMENTS = YES;
				CLANG_WARN_EMPTY_BODY = YES;
				CLANG_WARN_ENUM_CONVERSION = YES;
				CLANG_WARN_INFINITE_RECURSION = YES;
				CLANG_WARN_INT_CONVERSION = YES;
				CLANG_WARN_NON_LITERAL_NULL_CONVERSION = YES;
				CLANG_WARN_OBJC_IMPLICIT_RETAIN_SELF = YES;
				CLANG_WARN_OBJC_LITERAL_CONVERSION = YES;
				CLANG_WARN_OBJC_ROOT_CLASS = YES_ERROR;
				CLANG_WARN_QUOTED_INCLUDE_IN_FRAMEWORK_HEADER = YES;
				CLANG_WARN_RANGE_LOOP_ANALYSIS = YES;
				CLANG_WARN_STRICT_PROTOTYPES = YES;
				CLANG_WARN_SUSPICIOUS_MOVE = YES;
				CLANG_WARN_UNGUARDED_AVAILABILITY = YES_AGGRESSIVE;
				CLANG_WARN_UNREACHABLE_CODE = YES;
				CLANG_WARN__DUPLICATE_METHOD_MATCH = YES;
				COPY_PHASE_STRIP = NO;
				DEBUG_INFORMATION_FORMAT = dwarf;
				ENABLE_STRICT_OBJC_MSGSEND = YES;
				ENABLE_TESTABILITY = YES;
				GCC_C_LANGUAGE_STANDARD = gnu11;
				GCC_DYNAMIC_NO_PIC = NO;
				GCC_NO_COMMON_BLOCKS = YES;
				GCC_OPTIMIZATION_LEVEL = 0;
				GCC_PREPROCESSOR_DEFINITIONS = (
					"DEBUG=1",
					"$(inherited)",
				);
				GCC_WARN_64_TO_32_BIT_CONVERSION = YES;
				GCC_WARN_ABOUT_RETURN_TYPE = YES_ERROR;
				GCC_WARN_UNDECLARED_SELECTOR = YES;
				GCC_WARN_UNINITIALIZED_AUTOS = YES_AGGRESSIVE;
				GCC_WARN_UNUSED_FUNCTION = YES;
				GCC_WARN_UNUSED_VARIABLE = YES;
				IPHONEOS_DEPLOYMENT_TARGET = 16.2;
				MTL_ENABLE_DEBUG_INFO = INCLUDE_SOURCE;
				MTL_FAST_MATH = YES;
				ONLY_ACTIVE_ARCH = YES;
				SDKROOT = iphoneos;
				SWIFT_ACTIVE_COMPILATION_CONDITIONS = DEBUG;
				SWIFT_OPTIMIZATION_LEVEL = "-Onone";
			};
			name = Debug;
		};
		58725F312A224F4A004BB56E /* Release */ = {
			isa = XCBuildConfiguration;
			buildSettings = {
				ALWAYS_SEARCH_USER_PATHS = NO;
				CLANG_ANALYZER_NONNULL = YES;
				CLANG_ANALYZER_NUMBER_OBJECT_CONVERSION = YES_AGGRESSIVE;
				CLANG_CXX_LANGUAGE_STANDARD = "gnu++20";
				CLANG_ENABLE_MODULES = YES;
				CLANG_ENABLE_OBJC_ARC = YES;
				CLANG_ENABLE_OBJC_WEAK = YES;
				CLANG_WARN_BLOCK_CAPTURE_AUTORELEASING = YES;
				CLANG_WARN_BOOL_CONVERSION = YES;
				CLANG_WARN_COMMA = YES;
				CLANG_WARN_CONSTANT_CONVERSION = YES;
				CLANG_WARN_DEPRECATED_OBJC_IMPLEMENTATIONS = YES;
				CLANG_WARN_DIRECT_OBJC_ISA_USAGE = YES_ERROR;
				CLANG_WARN_DOCUMENTATION_COMMENTS = YES;
				CLANG_WARN_EMPTY_BODY = YES;
				CLANG_WARN_ENUM_CONVERSION = YES;
				CLANG_WARN_INFINITE_RECURSION = YES;
				CLANG_WARN_INT_CONVERSION = YES;
				CLANG_WARN_NON_LITERAL_NULL_CONVERSION = YES;
				CLANG_WARN_OBJC_IMPLICIT_RETAIN_SELF = YES;
				CLANG_WARN_OBJC_LITERAL_CONVERSION = YES;
				CLANG_WARN_OBJC_ROOT_CLASS = YES_ERROR;
				CLANG_WARN_QUOTED_INCLUDE_IN_FRAMEWORK_HEADER = YES;
				CLANG_WARN_RANGE_LOOP_ANALYSIS = YES;
				CLANG_WARN_STRICT_PROTOTYPES = YES;
				CLANG_WARN_SUSPICIOUS_MOVE = YES;
				CLANG_WARN_UNGUARDED_AVAILABILITY = YES_AGGRESSIVE;
				CLANG_WARN_UNREACHABLE_CODE = YES;
				CLANG_WARN__DUPLICATE_METHOD_MATCH = YES;
				COPY_PHASE_STRIP = NO;
				DEBUG_INFORMATION_FORMAT = "dwarf-with-dsym";
				ENABLE_NS_ASSERTIONS = NO;
				ENABLE_STRICT_OBJC_MSGSEND = YES;
				GCC_C_LANGUAGE_STANDARD = gnu11;
				GCC_NO_COMMON_BLOCKS = YES;
				GCC_WARN_64_TO_32_BIT_CONVERSION = YES;
				GCC_WARN_ABOUT_RETURN_TYPE = YES_ERROR;
				GCC_WARN_UNDECLARED_SELECTOR = YES;
				GCC_WARN_UNINITIALIZED_AUTOS = YES_AGGRESSIVE;
				GCC_WARN_UNUSED_FUNCTION = YES;
				GCC_WARN_UNUSED_VARIABLE = YES;
				IPHONEOS_DEPLOYMENT_TARGET = 16.2;
				MTL_ENABLE_DEBUG_INFO = NO;
				MTL_FAST_MATH = YES;
				SDKROOT = iphoneos;
				SWIFT_COMPILATION_MODE = wholemodule;
				SWIFT_OPTIMIZATION_LEVEL = "-O";
				VALIDATE_PRODUCT = YES;
			};
			name = Release;
		};
		58725F332A224F4A004BB56E /* Debug */ = {
			isa = XCBuildConfiguration;
			buildSettings = {
				ASSETCATALOG_COMPILER_APPICON_NAME = AppIcon;
				ASSETCATALOG_COMPILER_GLOBAL_ACCENT_COLOR_NAME = AccentColor;
				CODE_SIGN_STYLE = Automatic;
				CURRENT_PROJECT_VERSION = 1;
				GENERATE_INFOPLIST_FILE = YES;
				INFOPLIST_FILE = GifApp/Resources/Info.plist;
				INFOPLIST_KEY_UIApplicationSupportsIndirectInputEvents = YES;
				INFOPLIST_KEY_UILaunchStoryboardName = LaunchScreen;
				INFOPLIST_KEY_UISupportedInterfaceOrientations = UIInterfaceOrientationPortrait;
				INFOPLIST_KEY_UISupportedInterfaceOrientations_iPad = "";
				IPHONEOS_DEPLOYMENT_TARGET = 14.2;
				LD_RUNPATH_SEARCH_PATHS = (
					"$(inherited)",
					"@executable_path/Frameworks",
				);
				MARKETING_VERSION = 1.0;
				PRODUCT_BUNDLE_IDENTIFIER = ru.ryan.development.GifApp;
				PRODUCT_NAME = "$(TARGET_NAME)";
				SUPPORTED_PLATFORMS = "iphoneos iphonesimulator";
				SUPPORTS_MACCATALYST = NO;
				SUPPORTS_MAC_DESIGNED_FOR_IPHONE_IPAD = NO;
				SWIFT_EMIT_LOC_STRINGS = YES;
				SWIFT_VERSION = 5.0;
				TARGETED_DEVICE_FAMILY = 1;
			};
			name = Debug;
		};
		58725F342A224F4A004BB56E /* Release */ = {
			isa = XCBuildConfiguration;
			buildSettings = {
				ASSETCATALOG_COMPILER_APPICON_NAME = AppIcon;
				ASSETCATALOG_COMPILER_GLOBAL_ACCENT_COLOR_NAME = AccentColor;
				CODE_SIGN_STYLE = Automatic;
				CURRENT_PROJECT_VERSION = 1;
				GENERATE_INFOPLIST_FILE = YES;
				INFOPLIST_FILE = GifApp/Resources/Info.plist;
				INFOPLIST_KEY_UIApplicationSupportsIndirectInputEvents = YES;
				INFOPLIST_KEY_UILaunchStoryboardName = LaunchScreen;
				INFOPLIST_KEY_UISupportedInterfaceOrientations = UIInterfaceOrientationPortrait;
				INFOPLIST_KEY_UISupportedInterfaceOrientations_iPad = "";
				IPHONEOS_DEPLOYMENT_TARGET = 14.2;
				LD_RUNPATH_SEARCH_PATHS = (
					"$(inherited)",
					"@executable_path/Frameworks",
				);
				MARKETING_VERSION = 1.0;
				PRODUCT_BUNDLE_IDENTIFIER = ru.ryan.development.GifApp;
				PRODUCT_NAME = "$(TARGET_NAME)";
				SUPPORTED_PLATFORMS = "iphoneos iphonesimulator";
				SUPPORTS_MACCATALYST = NO;
				SUPPORTS_MAC_DESIGNED_FOR_IPHONE_IPAD = NO;
				SWIFT_EMIT_LOC_STRINGS = YES;
				SWIFT_VERSION = 5.0;
				TARGETED_DEVICE_FAMILY = 1;
			};
			name = Release;
		};
/* End XCBuildConfiguration section */

/* Begin XCConfigurationList section */
		58725F192A224F48004BB56E /* Build configuration list for PBXProject "GifApp" */ = {
			isa = XCConfigurationList;
			buildConfigurations = (
				58725F302A224F4A004BB56E /* Debug */,
				58725F312A224F4A004BB56E /* Release */,
			);
			defaultConfigurationIsVisible = 0;
			defaultConfigurationName = Release;
		};
		58725F322A224F4A004BB56E /* Build configuration list for PBXNativeTarget "GifApp" */ = {
			isa = XCConfigurationList;
			buildConfigurations = (
				58725F332A224F4A004BB56E /* Debug */,
				58725F342A224F4A004BB56E /* Release */,
			);
			defaultConfigurationIsVisible = 0;
			defaultConfigurationName = Release;
		};
/* End XCConfigurationList section */

/* Begin XCRemoteSwiftPackageReference section */
		58725F3C2A2254FC004BB56E /* XCRemoteSwiftPackageReference "Kingfisher" */ = {
			isa = XCRemoteSwiftPackageReference;
			repositoryURL = "https://github.com/onevcat/Kingfisher";
			requirement = {
				branch = master;
				kind = branch;
			};
		};
/* End XCRemoteSwiftPackageReference section */

/* Begin XCSwiftPackageProductDependency section */
		58725F3D2A2254FC004BB56E /* Kingfisher */ = {
			isa = XCSwiftPackageProductDependency;
			package = 58725F3C2A2254FC004BB56E /* XCRemoteSwiftPackageReference "Kingfisher" */;
			productName = Kingfisher;
		};
/* End XCSwiftPackageProductDependency section */
	};
	rootObject = 58725F162A224F48004BB56E /* Project object */;
}
